<Solution>
  <Project Path="AsyncAwaitTraining/AsyncAwaitTraining.csproj" Id="4f68bc38-2cf2-4e63-8292-d9df4cc9a2d5" />
  <Project Path="EnumTraining/enum-training.csproj" />
  <Project Path="FirstWpfApp1/FirstWpfApp1.csproj" Id="a84efe88-051a-4f4e-a97a-2c1b52163f24" />
  <Project Path="MyFirstApp/MyFirstApp.csproj" />
  <Project Path="OopTraining/OopTraining.csproj" Id="a8200dc6-e8f6-41fa-9002-96ec6bc24343" />
  <Project Path="OopTrainingV2/OopTrainingV2.csproj" Id="c9e34d93-5a98-40aa-b902-317f684f2c8b" />
  <Project Path="OutAndRefTraining/OutAndRefTraining.csproj" />
  <Project Path="StructTraining/StructTraining.csproj" />
  <Project Path="StructTrainingV2/StructTrainingV2.csproj" />
  <Project Path="TwoDArrayTraining/TwoDArrayTraining.csproj" Id="d158f9d8-2842-487a-aa86-6279e2e712b8" />
</Solution>
