<Solution>
  <Project Path="MyFirstApp/MyFirstApp.csproj" />
  <Project Path="EnumTraining/enum-training.csproj" />
  <Project Path="StructTraining/StructTraining.csproj" />
  <Project Path="OutAndRefTraining/OutAndRefTraining.csproj" />
  <Project Path="StructTrainingV2/StructTrainingV2.csproj" />
</Solution>
